
Microsoft Visual Studio Solution File, Format Version 12.00
# Visual Studio 15
VisualStudioVersion = 15.0.28307.168
MinimumVisualStudioVersion = 10.0.40219.1
Project("{FAE04EC0-301F-11D3-BF4B-00C04F79EFBC}") = "BlueBadgeProject.WebMVC", "BlueBadgeProject.WebMVC\BlueBadgeProject.WebMVC.csproj", "{944E54B3-CDB2-442B-A0B3-9D1CE13934D4}"
EndProject
Project("{FAE04EC0-301F-11D3-BF4B-00C04F79EFBC}") = "BlueBadge.Data", "BlueBadge.Data\BlueBadge.Data.csproj", "{DB1376C0-D4C2-464F-9E10-8C49F779999F}"
EndProject
Project("{FAE04EC0-301F-11D3-BF4B-00C04F79EFBC}") = "BlueBadge.Models", "BlueBadge.Models\BlueBadge.Models.csproj", "{7B00E450-342C-423F-AD57-38E533156C12}"
EndProject
Project("{FAE04EC0-301F-11D3-BF4B-00C04F79EFBC}") = "BlueBadge.Contracts", "BlueBadge.Contracts\BlueBadge.Contracts.csproj", "{EC3D4FCE-C49C-473A-964F-692B590C9C5A}"
EndProject
Project("{FAE04EC0-301F-11D3-BF4B-00C04F79EFBC}") = "BlueBadge.Services", "BlueBadge.Services\BlueBadge.Services.csproj", "{2981CF56-F11C-414D-8934-87B62216FAEF}"
EndProject
Project("{FAE04EC0-301F-11D3-BF4B-00C04F79EFBC}") = "BlueBadge.Tests", "BlueBadge.Tests\BlueBadge.Tests.csproj", "{69CB9BCF-186F-436D-8B46-D8F031DC3297}"
EndProject
Global
	GlobalSection(SolutionConfigurationPlatforms) = preSolution
		Debug|Any CPU = Debug|Any CPU
		Release|Any CPU = Release|Any CPU
	EndGlobalSection
	GlobalSection(ProjectConfigurationPlatforms) = postSolution
		{944E54B3-CDB2-442B-A0B3-9D1CE13934D4}.Debug|Any CPU.ActiveCfg = Debug|Any CPU
		{944E54B3-CDB2-442B-A0B3-9D1CE13934D4}.Debug|Any CPU.Build.0 = Debug|Any CPU
		{944E54B3-CDB2-442B-A0B3-9D1CE13934D4}.Release|Any CPU.ActiveCfg = Release|Any CPU
		{944E54B3-CDB2-442B-A0B3-9D1CE13934D4}.Release|Any CPU.Build.0 = Release|Any CPU
		{DB1376C0-D4C2-464F-9E10-8C49F779999F}.Debug|Any CPU.ActiveCfg = Debug|Any CPU
		{DB1376C0-D4C2-464F-9E10-8C49F779999F}.Debug|Any CPU.Build.0 = Debug|Any CPU
		{DB1376C0-D4C2-464F-9E10-8C49F779999F}.Release|Any CPU.ActiveCfg = Release|Any CPU
		{DB1376C0-D4C2-464F-9E10-8C49F779999F}.Release|Any CPU.Build.0 = Release|Any CPU
		{7B00E450-342C-423F-AD57-38E533156C12}.Debug|Any CPU.ActiveCfg = Debug|Any CPU
		{7B00E450-342C-423F-AD57-38E533156C12}.Debug|Any CPU.Build.0 = Debug|Any CPU
		{7B00E450-342C-423F-AD57-38E533156C12}.Release|Any CPU.ActiveCfg = Release|Any CPU
		{7B00E450-342C-423F-AD57-38E533156C12}.Release|Any CPU.Build.0 = Release|Any CPU
		{EC3D4FCE-C49C-473A-964F-692B590C9C5A}.Debug|Any CPU.ActiveCfg = Debug|Any CPU
		{EC3D4FCE-C49C-473A-964F-692B590C9C5A}.Debug|Any CPU.Build.0 = Debug|Any CPU
		{EC3D4FCE-C49C-473A-964F-692B590C9C5A}.Release|Any CPU.ActiveCfg = Release|Any CPU
		{EC3D4FCE-C49C-473A-964F-692B590C9C5A}.Release|Any CPU.Build.0 = Release|Any CPU
		{2981CF56-F11C-414D-8934-87B62216FAEF}.Debug|Any CPU.ActiveCfg = Debug|Any CPU
		{2981CF56-F11C-414D-8934-87B62216FAEF}.Debug|Any CPU.Build.0 = Debug|Any CPU
		{2981CF56-F11C-414D-8934-87B62216FAEF}.Release|Any CPU.ActiveCfg = Release|Any CPU
		{2981CF56-F11C-414D-8934-87B62216FAEF}.Release|Any CPU.Build.0 = Release|Any CPU
		{69CB9BCF-186F-436D-8B46-D8F031DC3297}.Debug|Any CPU.ActiveCfg = Debug|Any CPU
		{69CB9BCF-186F-436D-8B46-D8F031DC3297}.Debug|Any CPU.Build.0 = Debug|Any CPU
		{69CB9BCF-186F-436D-8B46-D8F031DC3297}.Release|Any CPU.ActiveCfg = Release|Any CPU
		{69CB9BCF-186F-436D-8B46-D8F031DC3297}.Release|Any CPU.Build.0 = Release|Any CPU
	EndGlobalSection
	GlobalSection(SolutionProperties) = preSolution
		HideSolutionNode = FALSE
	EndGlobalSection
	GlobalSection(ExtensibilityGlobals) = postSolution
		SolutionGuid = {79FC402E-2967-408D-8A4D-5E5829FBE908}
	EndGlobalSection
EndGlobal
